
Microsoft Visual Studio Solution File, Format Version 12.00
# Visual Studio 15
VisualStudioVersion = 15.0.27428.2011
MinimumVisualStudioVersion = 10.0.40219.1
Project("{FAE04EC0-301F-11D3-BF4B-00C04F79EFBC}") = "Sjerrul.Brainfck.Machine", "Sjerrul.Brainfck.Machine\Sjerrul.Brainfck.Machine.csproj", "{BFFA1280-70D2-4EEF-90B4-9F903AC82D31}"
EndProject
Project("{FAE04EC0-301F-11D3-BF4B-00C04F79EFBC}") = "Sjerrul.Brainfck.ConsoleApplication", "Sjerrul.Brainfck.ConsoleApplication\Sjerrul.Brainfck.ConsoleApplication.csproj", "{836F15E0-5B86-4692-8FC7-0FE4F72DAE03}"
EndProject
Project("{FAE04EC0-301F-11D3-BF4B-00C04F79EFBC}") = "Sjerrul.Brainfck.Cerebrum", "Sjerrul.Brainfck.Cerebrum\Sjerrul.Brainfck.Cerebrum.csproj", "{48B4AD3B-55E9-4DA2-9ACA-13014AC1D280}"
EndProject
Project("{2150E333-8FDC-42A3-9474-1A3956D46DE8}") = "Tests", "Tests", "{181C815F-DAF0-4884-B1E2-7AABFC57B427}"
EndProject
Project("{2150E333-8FDC-42A3-9474-1A3956D46DE8}") = "Application", "Application", "{8B376BA2-59FA-414C-AF5E-58C34E715EC2}"
EndProject
Project("{2150E333-8FDC-42A3-9474-1A3956D46DE8}") = "Library", "Library", "{B26F555A-4F08-4735-92FF-EFB2B847F661}"
EndProject
Project("{FAE04EC0-301F-11D3-BF4B-00C04F79EFBC}") = "Sjerrul.Brainfck.Machine.Tests", "Sjerrul.Brainfck.Machine.Tests\Sjerrul.Brainfck.Machine.Tests.csproj", "{1F21D53B-1FF7-4915-964D-363E7FD7AC61}"
EndProject
Global
	GlobalSection(SolutionConfigurationPlatforms) = preSolution
		Debug|Any CPU = Debug|Any CPU
		Release|Any CPU = Release|Any CPU
	EndGlobalSection
	GlobalSection(ProjectConfigurationPlatforms) = postSolution
		{BFFA1280-70D2-4EEF-90B4-9F903AC82D31}.Debug|Any CPU.ActiveCfg = Debug|Any CPU
		{BFFA1280-70D2-4EEF-90B4-9F903AC82D31}.Debug|Any CPU.Build.0 = Debug|Any CPU
		{BFFA1280-70D2-4EEF-90B4-9F903AC82D31}.Release|Any CPU.ActiveCfg = Release|Any CPU
		{BFFA1280-70D2-4EEF-90B4-9F903AC82D31}.Release|Any CPU.Build.0 = Release|Any CPU
		{836F15E0-5B86-4692-8FC7-0FE4F72DAE03}.Debug|Any CPU.ActiveCfg = Debug|Any CPU
		{836F15E0-5B86-4692-8FC7-0FE4F72DAE03}.Debug|Any CPU.Build.0 = Debug|Any CPU
		{836F15E0-5B86-4692-8FC7-0FE4F72DAE03}.Release|Any CPU.ActiveCfg = Release|Any CPU
		{836F15E0-5B86-4692-8FC7-0FE4F72DAE03}.Release|Any CPU.Build.0 = Release|Any CPU
		{48B4AD3B-55E9-4DA2-9ACA-13014AC1D280}.Debug|Any CPU.ActiveCfg = Debug|Any CPU
		{48B4AD3B-55E9-4DA2-9ACA-13014AC1D280}.Debug|Any CPU.Build.0 = Debug|Any CPU
		{48B4AD3B-55E9-4DA2-9ACA-13014AC1D280}.Release|Any CPU.ActiveCfg = Release|Any CPU
		{48B4AD3B-55E9-4DA2-9ACA-13014AC1D280}.Release|Any CPU.Build.0 = Release|Any CPU
		{1F21D53B-1FF7-4915-964D-363E7FD7AC61}.Debug|Any CPU.ActiveCfg = Debug|Any CPU
		{1F21D53B-1FF7-4915-964D-363E7FD7AC61}.Debug|Any CPU.Build.0 = Debug|Any CPU
		{1F21D53B-1FF7-4915-964D-363E7FD7AC61}.Release|Any CPU.ActiveCfg = Release|Any CPU
		{1F21D53B-1FF7-4915-964D-363E7FD7AC61}.Release|Any CPU.Build.0 = Release|Any CPU
	EndGlobalSection
	GlobalSection(SolutionProperties) = preSolution
		HideSolutionNode = FALSE
	EndGlobalSection
	GlobalSection(NestedProjects) = preSolution
		{BFFA1280-70D2-4EEF-90B4-9F903AC82D31} = {B26F555A-4F08-4735-92FF-EFB2B847F661}
		{836F15E0-5B86-4692-8FC7-0FE4F72DAE03} = {8B376BA2-59FA-414C-AF5E-58C34E715EC2}
		{48B4AD3B-55E9-4DA2-9ACA-13014AC1D280} = {8B376BA2-59FA-414C-AF5E-58C34E715EC2}
		{1F21D53B-1FF7-4915-964D-363E7FD7AC61} = {181C815F-DAF0-4884-B1E2-7AABFC57B427}
	EndGlobalSection
	GlobalSection(ExtensibilityGlobals) = postSolution
		SolutionGuid = {B33D2201-EE4B-4F7D-9761-0A253EAC7503}
	EndGlobalSection
EndGlobal
